
Microsoft Visual Studio Solution File, Format Version 12.00
# Visual Studio Version 16
VisualStudioVersion = 16.0.30804.86
MinimumVisualStudioVersion = 15.0.26124.0
Project("{9A19103F-16F7-4668-BE54-9A1E7A4F7556}") = "PascalsTriangle", "PascalsTriangle\PascalsTriangle.csproj", "{DDE982E1-429F-445C-9E46-1B00BBC79FA2}"
EndProject
Project("{9A19103F-16F7-4668-BE54-9A1E7A4F7556}") = "RearrangeWordsInASentence", "RearrangeWordsInASentence\RearrangeWordsInASentence.csproj", "{30420D87-5AF1-42AA-A549-47BD1A1B5D11}"
EndProject
Global
	GlobalSection(SolutionConfigurationPlatforms) = preSolution
		Debug|Any CPU = Debug|Any CPU
		Debug|x64 = Debug|x64
		Debug|x86 = Debug|x86
		Release|Any CPU = Release|Any CPU
		Release|x64 = Release|x64
		Release|x86 = Release|x86
	EndGlobalSection
	GlobalSection(ProjectConfigurationPlatforms) = postSolution
		{DDE982E1-429F-445C-9E46-1B00BBC79FA2}.Debug|Any CPU.ActiveCfg = Debug|Any CPU
		{DDE982E1-429F-445C-9E46-1B00BBC79FA2}.Debug|Any CPU.Build.0 = Debug|Any CPU
		{DDE982E1-429F-445C-9E46-1B00BBC79FA2}.Debug|x64.ActiveCfg = Debug|Any CPU
		{DDE982E1-429F-445C-9E46-1B00BBC79FA2}.Debug|x64.Build.0 = Debug|Any CPU
		{DDE982E1-429F-445C-9E46-1B00BBC79FA2}.Debug|x86.ActiveCfg = Debug|Any CPU
		{DDE982E1-429F-445C-9E46-1B00BBC79FA2}.Debug|x86.Build.0 = Debug|Any CPU
		{DDE982E1-429F-445C-9E46-1B00BBC79FA2}.Release|Any CPU.ActiveCfg = Release|Any CPU
		{DDE982E1-429F-445C-9E46-1B00BBC79FA2}.Release|Any CPU.Build.0 = Release|Any CPU
		{DDE982E1-429F-445C-9E46-1B00BBC79FA2}.Release|x64.ActiveCfg = Release|Any CPU
		{DDE982E1-429F-445C-9E46-1B00BBC79FA2}.Release|x64.Build.0 = Release|Any CPU
		{DDE982E1-429F-445C-9E46-1B00BBC79FA2}.Release|x86.ActiveCfg = Release|Any CPU
		{DDE982E1-429F-445C-9E46-1B00BBC79FA2}.Release|x86.Build.0 = Release|Any CPU
		{30420D87-5AF1-42AA-A549-47BD1A1B5D11}.Debug|Any CPU.ActiveCfg = Debug|Any CPU
		{30420D87-5AF1-42AA-A549-47BD1A1B5D11}.Debug|Any CPU.Build.0 = Debug|Any CPU
		{30420D87-5AF1-42AA-A549-47BD1A1B5D11}.Debug|x64.ActiveCfg = Debug|Any CPU
		{30420D87-5AF1-42AA-A549-47BD1A1B5D11}.Debug|x64.Build.0 = Debug|Any CPU
		{30420D87-5AF1-42AA-A549-47BD1A1B5D11}.Debug|x86.ActiveCfg = Debug|Any CPU
		{30420D87-5AF1-42AA-A549-47BD1A1B5D11}.Debug|x86.Build.0 = Debug|Any CPU
		{30420D87-5AF1-42AA-A549-47BD1A1B5D11}.Release|Any CPU.ActiveCfg = Release|Any CPU
		{30420D87-5AF1-42AA-A549-47BD1A1B5D11}.Release|Any CPU.Build.0 = Release|Any CPU
		{30420D87-5AF1-42AA-A549-47BD1A1B5D11}.Release|x64.ActiveCfg = Release|Any CPU
		{30420D87-5AF1-42AA-A549-47BD1A1B5D11}.Release|x64.Build.0 = Release|Any CPU
		{30420D87-5AF1-42AA-A549-47BD1A1B5D11}.Release|x86.ActiveCfg = Release|Any CPU
		{30420D87-5AF1-42AA-A549-47BD1A1B5D11}.Release|x86.Build.0 = Release|Any CPU
	EndGlobalSection
	GlobalSection(SolutionProperties) = preSolution
		HideSolutionNode = FALSE
	EndGlobalSection
	GlobalSection(ExtensibilityGlobals) = postSolution
		SolutionGuid = {F0682254-0736-472D-81D7-C25F14900CE9}
	EndGlobalSection
EndGlobal
